
Microsoft Visual Studio Solution File, Format Version 12.00
# Visual Studio Version 17
VisualStudioVersion = 17.7.34031.279
MinimumVisualStudioVersion = 10.0.40219.1
Project("{FAE04EC0-301F-11D3-BF4B-00C04F79EFBC}") = "MoodFlix", "MoodFlix\MoodFlix.csproj", "{317BF3B6-4A17-4D1E-9741-567AF7E57899}"
EndProject
Global
	GlobalSection(SolutionConfigurationPlatforms) = preSolution
		Debug|Any CPU = Debug|Any CPU
		Release|Any CPU = Release|Any CPU
	EndGlobalSection
	GlobalSection(ProjectConfigurationPlatforms) = postSolution
		{317BF3B6-4A17-4D1E-9741-567AF7E57899}.Debug|Any CPU.ActiveCfg = Debug|Any CPU
		{317BF3B6-4A17-4D1E-9741-567AF7E57899}.Debug|Any CPU.Build.0 = Debug|Any CPU
		{317BF3B6-4A17-4D1E-9741-567AF7E57899}.Release|Any CPU.ActiveCfg = Release|Any CPU
		{317BF3B6-4A17-4D1E-9741-567AF7E57899}.Release|Any CPU.Build.0 = Release|Any CPU
	EndGlobalSection
	GlobalSection(SolutionProperties) = preSolution
		HideSolutionNode = FALSE
	EndGlobalSection
	GlobalSection(ExtensibilityGlobals) = postSolution
		SolutionGuid = {EF5FE4EC-5A4D-4775-B446-44B0E8454510}
	EndGlobalSection
EndGlobal
